
Microsoft Visual Studio Solution File, Format Version 12.00
# Visual Studio 15
VisualStudioVersion = 15.0.26730.8
MinimumVisualStudioVersion = 10.0.40219.1
Project("{F184B08F-C81C-45F6-A57F-5ABD9991F28F}") = "MediumCalTile", "MediumCalTile\MediumCalTile.vbproj", "{1E93782E-D9A5-4BA7-8A51-F2B56178E8E4}"
EndProject
Project("{F184B08F-C81C-45F6-A57F-5ABD9991F28F}") = "BackgroundTasks", "ProcesWTle\BackgroundTasks.vbproj", "{51E04EE9-F5F9-41A5-B26A-ABD906AC42E1}"
EndProject
Global
	GlobalSection(SolutionConfigurationPlatforms) = preSolution
		Debug|Any CPU = Debug|Any CPU
		Debug|ARM = Debug|ARM
		Debug|x64 = Debug|x64
		Debug|x86 = Debug|x86
		Release|Any CPU = Release|Any CPU
		Release|ARM = Release|ARM
		Release|x64 = Release|x64
		Release|x86 = Release|x86
	EndGlobalSection
	GlobalSection(ProjectConfigurationPlatforms) = postSolution
		{1E93782E-D9A5-4BA7-8A51-F2B56178E8E4}.Debug|Any CPU.ActiveCfg = Debug|x86
		{1E93782E-D9A5-4BA7-8A51-F2B56178E8E4}.Debug|ARM.ActiveCfg = Debug|ARM
		{1E93782E-D9A5-4BA7-8A51-F2B56178E8E4}.Debug|ARM.Build.0 = Debug|ARM
		{1E93782E-D9A5-4BA7-8A51-F2B56178E8E4}.Debug|ARM.Deploy.0 = Debug|ARM
		{1E93782E-D9A5-4BA7-8A51-F2B56178E8E4}.Debug|x64.ActiveCfg = Debug|x64
		{1E93782E-D9A5-4BA7-8A51-F2B56178E8E4}.Debug|x64.Build.0 = Debug|x64
		{1E93782E-D9A5-4BA7-8A51-F2B56178E8E4}.Debug|x64.Deploy.0 = Debug|x64
		{1E93782E-D9A5-4BA7-8A51-F2B56178E8E4}.Debug|x86.ActiveCfg = Debug|x86
		{1E93782E-D9A5-4BA7-8A51-F2B56178E8E4}.Debug|x86.Build.0 = Debug|x86
		{1E93782E-D9A5-4BA7-8A51-F2B56178E8E4}.Debug|x86.Deploy.0 = Debug|x86
		{1E93782E-D9A5-4BA7-8A51-F2B56178E8E4}.Release|Any CPU.ActiveCfg = Release|x86
		{1E93782E-D9A5-4BA7-8A51-F2B56178E8E4}.Release|ARM.ActiveCfg = Release|ARM
		{1E93782E-D9A5-4BA7-8A51-F2B56178E8E4}.Release|ARM.Build.0 = Release|ARM
		{1E93782E-D9A5-4BA7-8A51-F2B56178E8E4}.Release|ARM.Deploy.0 = Release|ARM
		{1E93782E-D9A5-4BA7-8A51-F2B56178E8E4}.Release|x64.ActiveCfg = Release|x64
		{1E93782E-D9A5-4BA7-8A51-F2B56178E8E4}.Release|x64.Build.0 = Release|x64
		{1E93782E-D9A5-4BA7-8A51-F2B56178E8E4}.Release|x64.Deploy.0 = Release|x64
		{1E93782E-D9A5-4BA7-8A51-F2B56178E8E4}.Release|x86.ActiveCfg = Release|x86
		{1E93782E-D9A5-4BA7-8A51-F2B56178E8E4}.Release|x86.Build.0 = Release|x86
		{1E93782E-D9A5-4BA7-8A51-F2B56178E8E4}.Release|x86.Deploy.0 = Release|x86
		{51E04EE9-F5F9-41A5-B26A-ABD906AC42E1}.Debug|Any CPU.ActiveCfg = Debug|Any CPU
		{51E04EE9-F5F9-41A5-B26A-ABD906AC42E1}.Debug|Any CPU.Build.0 = Debug|Any CPU
		{51E04EE9-F5F9-41A5-B26A-ABD906AC42E1}.Debug|ARM.ActiveCfg = Debug|ARM
		{51E04EE9-F5F9-41A5-B26A-ABD906AC42E1}.Debug|ARM.Build.0 = Debug|ARM
		{51E04EE9-F5F9-41A5-B26A-ABD906AC42E1}.Debug|x64.ActiveCfg = Debug|x64
		{51E04EE9-F5F9-41A5-B26A-ABD906AC42E1}.Debug|x64.Build.0 = Debug|x64
		{51E04EE9-F5F9-41A5-B26A-ABD906AC42E1}.Debug|x86.ActiveCfg = Debug|x86
		{51E04EE9-F5F9-41A5-B26A-ABD906AC42E1}.Debug|x86.Build.0 = Debug|x86
		{51E04EE9-F5F9-41A5-B26A-ABD906AC42E1}.Release|Any CPU.ActiveCfg = Release|Any CPU
		{51E04EE9-F5F9-41A5-B26A-ABD906AC42E1}.Release|Any CPU.Build.0 = Release|Any CPU
		{51E04EE9-F5F9-41A5-B26A-ABD906AC42E1}.Release|ARM.ActiveCfg = Release|ARM
		{51E04EE9-F5F9-41A5-B26A-ABD906AC42E1}.Release|ARM.Build.0 = Release|ARM
		{51E04EE9-F5F9-41A5-B26A-ABD906AC42E1}.Release|x64.ActiveCfg = Release|x64
		{51E04EE9-F5F9-41A5-B26A-ABD906AC42E1}.Release|x64.Build.0 = Release|x64
		{51E04EE9-F5F9-41A5-B26A-ABD906AC42E1}.Release|x86.ActiveCfg = Release|x86
		{51E04EE9-F5F9-41A5-B26A-ABD906AC42E1}.Release|x86.Build.0 = Release|x86
	EndGlobalSection
	GlobalSection(SolutionProperties) = preSolution
		HideSolutionNode = FALSE
	EndGlobalSection
	GlobalSection(ExtensibilityGlobals) = postSolution
		SolutionGuid = {8CC12597-78CE-4D9A-BB3A-3CC832875C03}
	EndGlobalSection
EndGlobal
