
Microsoft Visual Studio Solution File, Format Version 12.00
# Visual Studio Version 16
VisualStudioVersion = 16.0.29613.14
MinimumVisualStudioVersion = 10.0.40219.1
Project("{F184B08F-C81C-45F6-A57F-5ABD9991F28F}") = "MediumCalTile_VB", "MediumCalTile_VB\MediumCalTile_VB.vbproj", "{1E93782E-D9A5-4BA7-8A51-F2B56178E8E4}"
EndProject
Project("{F184B08F-C81C-45F6-A57F-5ABD9991F28F}") = "BackgroundTasks_VB", "ProcesWTle_VB\BackgroundTasks_VB.vbproj", "{51E04EE9-F5F9-41A5-B26A-ABD906AC42E1}"
EndProject
Project("{D954291E-2A0B-460D-934E-DC6B0785DB48}") = "MediumCalTile.Shared", "MediumCalTile\MediumCalTile.Shared\MediumCalTile.Shared.shproj", "{6279C845-92F8-4333-AB99-3D213163593C}"
EndProject
Project("{FAE04EC0-301F-11D3-BF4B-00C04F79EFBC}") = "MediumCalTile.Droid", "MediumCalTile\MediumCalTile.Droid\MediumCalTile.Droid.csproj", "{C242DA86-6737-4B2B-BBC0-C7A25004EEC3}"
EndProject
Project("{FAE04EC0-301F-11D3-BF4B-00C04F79EFBC}") = "MediumCalTile.iOS", "MediumCalTile\MediumCalTile.iOS\MediumCalTile.iOS.csproj", "{247BC335-9B3B-451C-A0D6-757E0064006E}"
EndProject
Project("{FAE04EC0-301F-11D3-BF4B-00C04F79EFBC}") = "MediumCalTile.UWP", "MediumCalTile\MediumCalTile.UWP\MediumCalTile.UWP.csproj", "{ABA413CB-A2EB-4EE9-9A6F-DE11D4513036}"
EndProject
Project("{FAE04EC0-301F-11D3-BF4B-00C04F79EFBC}") = "MediumCalTile.Wasm", "MediumCalTile\MediumCalTile.Wasm\MediumCalTile.Wasm.csproj", "{0BF27044-AFE8-4602-A8C9-84E724497616}"
EndProject
Project("{D954291E-2A0B-460D-934E-DC6B0785DB48}") = "CalendarTest.Shared", "CalendarTest\CalendarTest.Shared\CalendarTest.Shared.shproj", "{CDA320BC-3481-4588-AB4E-FE6BFA07DC2B}"
EndProject
Project("{FAE04EC0-301F-11D3-BF4B-00C04F79EFBC}") = "CalendarTest.Droid", "CalendarTest\CalendarTest.Droid\CalendarTest.Droid.csproj", "{F76365A0-BB00-495E-AD4A-F9D5CF01BA92}"
EndProject
Project("{FAE04EC0-301F-11D3-BF4B-00C04F79EFBC}") = "CalendarTest.iOS", "CalendarTest\CalendarTest.iOS\CalendarTest.iOS.csproj", "{4799F172-6F57-4B9B-8287-4142A85D4DBA}"
EndProject
Project("{FAE04EC0-301F-11D3-BF4B-00C04F79EFBC}") = "CalendarTest.UWP", "CalendarTest\CalendarTest.UWP\CalendarTest.UWP.csproj", "{D8ED82E6-80DC-40D7-A1E3-CA8939D3171C}"
EndProject
Project("{FAE04EC0-301F-11D3-BF4B-00C04F79EFBC}") = "CalendarTest.Wasm", "CalendarTest\CalendarTest.Wasm\CalendarTest.Wasm.csproj", "{0BBC61FA-625D-442A-BB79-64FDD83C0B5A}"
EndProject
Global
	GlobalSection(SharedMSBuildProjectFiles) = preSolution
		MediumCalTile\MediumCalTile.Shared\MediumCalTile.Shared.projitems*{6279c845-92f8-4333-ab99-3d213163593c}*SharedItemsImports = 13
		MediumCalTile\MediumCalTile.Shared\MediumCalTile.Shared.projitems*{aba413cb-a2eb-4ee9-9a6f-de11d4513036}*SharedItemsImports = 4
		MediumCalTile\MediumCalTile.Shared\MediumCalTile.Shared.projitems*{c242da86-6737-4b2b-bbc0-c7a25004eec3}*SharedItemsImports = 4
		CalendarTest\CalendarTest.Shared\CalendarTest.Shared.projitems*{cda320bc-3481-4588-ab4e-fe6bfa07dc2b}*SharedItemsImports = 13
		CalendarTest\CalendarTest.Shared\CalendarTest.Shared.projitems*{d8ed82e6-80dc-40d7-a1e3-ca8939d3171c}*SharedItemsImports = 4
		CalendarTest\CalendarTest.Shared\CalendarTest.Shared.projitems*{f76365a0-bb00-495e-ad4a-f9d5cf01ba92}*SharedItemsImports = 4
	EndGlobalSection
	GlobalSection(SolutionConfigurationPlatforms) = preSolution
		Ad-Hoc|Any CPU = Ad-Hoc|Any CPU
		Ad-Hoc|ARM = Ad-Hoc|ARM
		Ad-Hoc|ARM64 = Ad-Hoc|ARM64
		Ad-Hoc|iPhone = Ad-Hoc|iPhone
		Ad-Hoc|iPhoneSimulator = Ad-Hoc|iPhoneSimulator
		Ad-Hoc|x64 = Ad-Hoc|x64
		Ad-Hoc|x86 = Ad-Hoc|x86
		AppStore|Any CPU = AppStore|Any CPU
		AppStore|ARM = AppStore|ARM
		AppStore|ARM64 = AppStore|ARM64
		AppStore|iPhone = AppStore|iPhone
		AppStore|iPhoneSimulator = AppStore|iPhoneSimulator
		AppStore|x64 = AppStore|x64
		AppStore|x86 = AppStore|x86
		Debug|Any CPU = Debug|Any CPU
		Debug|ARM = Debug|ARM
		Debug|ARM64 = Debug|ARM64
		Debug|iPhone = Debug|iPhone
		Debug|iPhoneSimulator = Debug|iPhoneSimulator
		Debug|x64 = Debug|x64
		Debug|x86 = Debug|x86
		Release|Any CPU = Release|Any CPU
		Release|ARM = Release|ARM
		Release|ARM64 = Release|ARM64
		Release|iPhone = Release|iPhone
		Release|iPhoneSimulator = Release|iPhoneSimulator
		Release|x64 = Release|x64
		Release|x86 = Release|x86
	EndGlobalSection
	GlobalSection(ProjectConfigurationPlatforms) = postSolution
		{1E93782E-D9A5-4BA7-8A51-F2B56178E8E4}.Ad-Hoc|Any CPU.ActiveCfg = Release|x64
		{1E93782E-D9A5-4BA7-8A51-F2B56178E8E4}.Ad-Hoc|Any CPU.Build.0 = Release|x64
		{1E93782E-D9A5-4BA7-8A51-F2B56178E8E4}.Ad-Hoc|Any CPU.Deploy.0 = Release|x64
		{1E93782E-D9A5-4BA7-8A51-F2B56178E8E4}.Ad-Hoc|ARM.ActiveCfg = Release|ARM
		{1E93782E-D9A5-4BA7-8A51-F2B56178E8E4}.Ad-Hoc|ARM.Build.0 = Release|ARM
		{1E93782E-D9A5-4BA7-8A51-F2B56178E8E4}.Ad-Hoc|ARM.Deploy.0 = Release|ARM
		{1E93782E-D9A5-4BA7-8A51-F2B56178E8E4}.Ad-Hoc|ARM64.ActiveCfg = Release|x64
		{1E93782E-D9A5-4BA7-8A51-F2B56178E8E4}.Ad-Hoc|ARM64.Build.0 = Release|x64
		{1E93782E-D9A5-4BA7-8A51-F2B56178E8E4}.Ad-Hoc|ARM64.Deploy.0 = Release|x64
		{1E93782E-D9A5-4BA7-8A51-F2B56178E8E4}.Ad-Hoc|iPhone.ActiveCfg = Release|x64
		{1E93782E-D9A5-4BA7-8A51-F2B56178E8E4}.Ad-Hoc|iPhone.Build.0 = Release|x64
		{1E93782E-D9A5-4BA7-8A51-F2B56178E8E4}.Ad-Hoc|iPhone.Deploy.0 = Release|x64
		{1E93782E-D9A5-4BA7-8A51-F2B56178E8E4}.Ad-Hoc|iPhoneSimulator.ActiveCfg = Release|x64
		{1E93782E-D9A5-4BA7-8A51-F2B56178E8E4}.Ad-Hoc|iPhoneSimulator.Build.0 = Release|x64
		{1E93782E-D9A5-4BA7-8A51-F2B56178E8E4}.Ad-Hoc|iPhoneSimulator.Deploy.0 = Release|x64
		{1E93782E-D9A5-4BA7-8A51-F2B56178E8E4}.Ad-Hoc|x64.ActiveCfg = Release|x64
		{1E93782E-D9A5-4BA7-8A51-F2B56178E8E4}.Ad-Hoc|x64.Build.0 = Release|x64
		{1E93782E-D9A5-4BA7-8A51-F2B56178E8E4}.Ad-Hoc|x64.Deploy.0 = Release|x64
		{1E93782E-D9A5-4BA7-8A51-F2B56178E8E4}.Ad-Hoc|x86.ActiveCfg = Release|x86
		{1E93782E-D9A5-4BA7-8A51-F2B56178E8E4}.Ad-Hoc|x86.Build.0 = Release|x86
		{1E93782E-D9A5-4BA7-8A51-F2B56178E8E4}.Ad-Hoc|x86.Deploy.0 = Release|x86
		{1E93782E-D9A5-4BA7-8A51-F2B56178E8E4}.AppStore|Any CPU.ActiveCfg = Release|x64
		{1E93782E-D9A5-4BA7-8A51-F2B56178E8E4}.AppStore|Any CPU.Build.0 = Release|x64
		{1E93782E-D9A5-4BA7-8A51-F2B56178E8E4}.AppStore|Any CPU.Deploy.0 = Release|x64
		{1E93782E-D9A5-4BA7-8A51-F2B56178E8E4}.AppStore|ARM.ActiveCfg = Release|ARM
		{1E93782E-D9A5-4BA7-8A51-F2B56178E8E4}.AppStore|ARM.Build.0 = Release|ARM
		{1E93782E-D9A5-4BA7-8A51-F2B56178E8E4}.AppStore|ARM.Deploy.0 = Release|ARM
		{1E93782E-D9A5-4BA7-8A51-F2B56178E8E4}.AppStore|ARM64.ActiveCfg = Release|x64
		{1E93782E-D9A5-4BA7-8A51-F2B56178E8E4}.AppStore|ARM64.Build.0 = Release|x64
		{1E93782E-D9A5-4BA7-8A51-F2B56178E8E4}.AppStore|ARM64.Deploy.0 = Release|x64
		{1E93782E-D9A5-4BA7-8A51-F2B56178E8E4}.AppStore|iPhone.ActiveCfg = Release|x64
		{1E93782E-D9A5-4BA7-8A51-F2B56178E8E4}.AppStore|iPhone.Build.0 = Release|x64
		{1E93782E-D9A5-4BA7-8A51-F2B56178E8E4}.AppStore|iPhone.Deploy.0 = Release|x64
		{1E93782E-D9A5-4BA7-8A51-F2B56178E8E4}.AppStore|iPhoneSimulator.ActiveCfg = Release|x64
		{1E93782E-D9A5-4BA7-8A51-F2B56178E8E4}.AppStore|iPhoneSimulator.Build.0 = Release|x64
		{1E93782E-D9A5-4BA7-8A51-F2B56178E8E4}.AppStore|iPhoneSimulator.Deploy.0 = Release|x64
		{1E93782E-D9A5-4BA7-8A51-F2B56178E8E4}.AppStore|x64.ActiveCfg = Release|x64
		{1E93782E-D9A5-4BA7-8A51-F2B56178E8E4}.AppStore|x64.Build.0 = Release|x64
		{1E93782E-D9A5-4BA7-8A51-F2B56178E8E4}.AppStore|x64.Deploy.0 = Release|x64
		{1E93782E-D9A5-4BA7-8A51-F2B56178E8E4}.AppStore|x86.ActiveCfg = Release|x86
		{1E93782E-D9A5-4BA7-8A51-F2B56178E8E4}.AppStore|x86.Build.0 = Release|x86
		{1E93782E-D9A5-4BA7-8A51-F2B56178E8E4}.AppStore|x86.Deploy.0 = Release|x86
		{1E93782E-D9A5-4BA7-8A51-F2B56178E8E4}.Debug|Any CPU.ActiveCfg = Debug|x86
		{1E93782E-D9A5-4BA7-8A51-F2B56178E8E4}.Debug|ARM.ActiveCfg = Debug|ARM
		{1E93782E-D9A5-4BA7-8A51-F2B56178E8E4}.Debug|ARM.Build.0 = Debug|ARM
		{1E93782E-D9A5-4BA7-8A51-F2B56178E8E4}.Debug|ARM.Deploy.0 = Debug|ARM
		{1E93782E-D9A5-4BA7-8A51-F2B56178E8E4}.Debug|ARM64.ActiveCfg = Debug|x86
		{1E93782E-D9A5-4BA7-8A51-F2B56178E8E4}.Debug|iPhone.ActiveCfg = Debug|x86
		{1E93782E-D9A5-4BA7-8A51-F2B56178E8E4}.Debug|iPhoneSimulator.ActiveCfg = Debug|x86
		{1E93782E-D9A5-4BA7-8A51-F2B56178E8E4}.Debug|x64.ActiveCfg = Debug|x64
		{1E93782E-D9A5-4BA7-8A51-F2B56178E8E4}.Debug|x64.Build.0 = Debug|x64
		{1E93782E-D9A5-4BA7-8A51-F2B56178E8E4}.Debug|x64.Deploy.0 = Debug|x64
		{1E93782E-D9A5-4BA7-8A51-F2B56178E8E4}.Debug|x86.ActiveCfg = Debug|x86
		{1E93782E-D9A5-4BA7-8A51-F2B56178E8E4}.Debug|x86.Build.0 = Debug|x86
		{1E93782E-D9A5-4BA7-8A51-F2B56178E8E4}.Debug|x86.Deploy.0 = Debug|x86
		{1E93782E-D9A5-4BA7-8A51-F2B56178E8E4}.Release|Any CPU.ActiveCfg = Release|x86
		{1E93782E-D9A5-4BA7-8A51-F2B56178E8E4}.Release|ARM.ActiveCfg = Release|ARM
		{1E93782E-D9A5-4BA7-8A51-F2B56178E8E4}.Release|ARM.Build.0 = Release|ARM
		{1E93782E-D9A5-4BA7-8A51-F2B56178E8E4}.Release|ARM.Deploy.0 = Release|ARM
		{1E93782E-D9A5-4BA7-8A51-F2B56178E8E4}.Release|ARM64.ActiveCfg = Release|x86
		{1E93782E-D9A5-4BA7-8A51-F2B56178E8E4}.Release|iPhone.ActiveCfg = Release|x86
		{1E93782E-D9A5-4BA7-8A51-F2B56178E8E4}.Release|iPhoneSimulator.ActiveCfg = Release|x86
		{1E93782E-D9A5-4BA7-8A51-F2B56178E8E4}.Release|x64.ActiveCfg = Release|x64
		{1E93782E-D9A5-4BA7-8A51-F2B56178E8E4}.Release|x64.Build.0 = Release|x64
		{1E93782E-D9A5-4BA7-8A51-F2B56178E8E4}.Release|x64.Deploy.0 = Release|x64
		{1E93782E-D9A5-4BA7-8A51-F2B56178E8E4}.Release|x86.ActiveCfg = Release|x86
		{1E93782E-D9A5-4BA7-8A51-F2B56178E8E4}.Release|x86.Build.0 = Release|x86
		{1E93782E-D9A5-4BA7-8A51-F2B56178E8E4}.Release|x86.Deploy.0 = Release|x86
		{51E04EE9-F5F9-41A5-B26A-ABD906AC42E1}.Ad-Hoc|Any CPU.ActiveCfg = Release|Any CPU
		{51E04EE9-F5F9-41A5-B26A-ABD906AC42E1}.Ad-Hoc|Any CPU.Build.0 = Release|Any CPU
		{51E04EE9-F5F9-41A5-B26A-ABD906AC42E1}.Ad-Hoc|ARM.ActiveCfg = Release|ARM
		{51E04EE9-F5F9-41A5-B26A-ABD906AC42E1}.Ad-Hoc|ARM.Build.0 = Release|ARM
		{51E04EE9-F5F9-41A5-B26A-ABD906AC42E1}.Ad-Hoc|ARM64.ActiveCfg = Release|Any CPU
		{51E04EE9-F5F9-41A5-B26A-ABD906AC42E1}.Ad-Hoc|ARM64.Build.0 = Release|Any CPU
		{51E04EE9-F5F9-41A5-B26A-ABD906AC42E1}.Ad-Hoc|iPhone.ActiveCfg = Release|Any CPU
		{51E04EE9-F5F9-41A5-B26A-ABD906AC42E1}.Ad-Hoc|iPhone.Build.0 = Release|Any CPU
		{51E04EE9-F5F9-41A5-B26A-ABD906AC42E1}.Ad-Hoc|iPhoneSimulator.ActiveCfg = Release|Any CPU
		{51E04EE9-F5F9-41A5-B26A-ABD906AC42E1}.Ad-Hoc|iPhoneSimulator.Build.0 = Release|Any CPU
		{51E04EE9-F5F9-41A5-B26A-ABD906AC42E1}.Ad-Hoc|x64.ActiveCfg = Release|x64
		{51E04EE9-F5F9-41A5-B26A-ABD906AC42E1}.Ad-Hoc|x64.Build.0 = Release|x64
		{51E04EE9-F5F9-41A5-B26A-ABD906AC42E1}.Ad-Hoc|x86.ActiveCfg = Release|x86
		{51E04EE9-F5F9-41A5-B26A-ABD906AC42E1}.Ad-Hoc|x86.Build.0 = Release|x86
		{51E04EE9-F5F9-41A5-B26A-ABD906AC42E1}.AppStore|Any CPU.ActiveCfg = Release|Any CPU
		{51E04EE9-F5F9-41A5-B26A-ABD906AC42E1}.AppStore|Any CPU.Build.0 = Release|Any CPU
		{51E04EE9-F5F9-41A5-B26A-ABD906AC42E1}.AppStore|ARM.ActiveCfg = Release|ARM
		{51E04EE9-F5F9-41A5-B26A-ABD906AC42E1}.AppStore|ARM.Build.0 = Release|ARM
		{51E04EE9-F5F9-41A5-B26A-ABD906AC42E1}.AppStore|ARM64.ActiveCfg = Release|Any CPU
		{51E04EE9-F5F9-41A5-B26A-ABD906AC42E1}.AppStore|ARM64.Build.0 = Release|Any CPU
		{51E04EE9-F5F9-41A5-B26A-ABD906AC42E1}.AppStore|iPhone.ActiveCfg = Release|Any CPU
		{51E04EE9-F5F9-41A5-B26A-ABD906AC42E1}.AppStore|iPhone.Build.0 = Release|Any CPU
		{51E04EE9-F5F9-41A5-B26A-ABD906AC42E1}.AppStore|iPhoneSimulator.ActiveCfg = Release|Any CPU
		{51E04EE9-F5F9-41A5-B26A-ABD906AC42E1}.AppStore|iPhoneSimulator.Build.0 = Release|Any CPU
		{51E04EE9-F5F9-41A5-B26A-ABD906AC42E1}.AppStore|x64.ActiveCfg = Release|x64
		{51E04EE9-F5F9-41A5-B26A-ABD906AC42E1}.AppStore|x64.Build.0 = Release|x64
		{51E04EE9-F5F9-41A5-B26A-ABD906AC42E1}.AppStore|x86.ActiveCfg = Release|x86
		{51E04EE9-F5F9-41A5-B26A-ABD906AC42E1}.AppStore|x86.Build.0 = Release|x86
		{51E04EE9-F5F9-41A5-B26A-ABD906AC42E1}.Debug|Any CPU.ActiveCfg = Debug|Any CPU
		{51E04EE9-F5F9-41A5-B26A-ABD906AC42E1}.Debug|Any CPU.Build.0 = Debug|Any CPU
		{51E04EE9-F5F9-41A5-B26A-ABD906AC42E1}.Debug|ARM.ActiveCfg = Debug|ARM
		{51E04EE9-F5F9-41A5-B26A-ABD906AC42E1}.Debug|ARM.Build.0 = Debug|ARM
		{51E04EE9-F5F9-41A5-B26A-ABD906AC42E1}.Debug|ARM64.ActiveCfg = Debug|Any CPU
		{51E04EE9-F5F9-41A5-B26A-ABD906AC42E1}.Debug|ARM64.Build.0 = Debug|Any CPU
		{51E04EE9-F5F9-41A5-B26A-ABD906AC42E1}.Debug|iPhone.ActiveCfg = Debug|Any CPU
		{51E04EE9-F5F9-41A5-B26A-ABD906AC42E1}.Debug|iPhone.Build.0 = Debug|Any CPU
		{51E04EE9-F5F9-41A5-B26A-ABD906AC42E1}.Debug|iPhoneSimulator.ActiveCfg = Debug|Any CPU
		{51E04EE9-F5F9-41A5-B26A-ABD906AC42E1}.Debug|iPhoneSimulator.Build.0 = Debug|Any CPU
		{51E04EE9-F5F9-41A5-B26A-ABD906AC42E1}.Debug|x64.ActiveCfg = Debug|x64
		{51E04EE9-F5F9-41A5-B26A-ABD906AC42E1}.Debug|x64.Build.0 = Debug|x64
		{51E04EE9-F5F9-41A5-B26A-ABD906AC42E1}.Debug|x86.ActiveCfg = Debug|x86
		{51E04EE9-F5F9-41A5-B26A-ABD906AC42E1}.Debug|x86.Build.0 = Debug|x86
		{51E04EE9-F5F9-41A5-B26A-ABD906AC42E1}.Release|Any CPU.ActiveCfg = Release|Any CPU
		{51E04EE9-F5F9-41A5-B26A-ABD906AC42E1}.Release|Any CPU.Build.0 = Release|Any CPU
		{51E04EE9-F5F9-41A5-B26A-ABD906AC42E1}.Release|ARM.ActiveCfg = Release|ARM
		{51E04EE9-F5F9-41A5-B26A-ABD906AC42E1}.Release|ARM.Build.0 = Release|ARM
		{51E04EE9-F5F9-41A5-B26A-ABD906AC42E1}.Release|ARM64.ActiveCfg = Release|Any CPU
		{51E04EE9-F5F9-41A5-B26A-ABD906AC42E1}.Release|ARM64.Build.0 = Release|Any CPU
		{51E04EE9-F5F9-41A5-B26A-ABD906AC42E1}.Release|iPhone.ActiveCfg = Release|Any CPU
		{51E04EE9-F5F9-41A5-B26A-ABD906AC42E1}.Release|iPhone.Build.0 = Release|Any CPU
		{51E04EE9-F5F9-41A5-B26A-ABD906AC42E1}.Release|iPhoneSimulator.ActiveCfg = Release|Any CPU
		{51E04EE9-F5F9-41A5-B26A-ABD906AC42E1}.Release|iPhoneSimulator.Build.0 = Release|Any CPU
		{51E04EE9-F5F9-41A5-B26A-ABD906AC42E1}.Release|x64.ActiveCfg = Release|x64
		{51E04EE9-F5F9-41A5-B26A-ABD906AC42E1}.Release|x64.Build.0 = Release|x64
		{51E04EE9-F5F9-41A5-B26A-ABD906AC42E1}.Release|x86.ActiveCfg = Release|x86
		{51E04EE9-F5F9-41A5-B26A-ABD906AC42E1}.Release|x86.Build.0 = Release|x86
		{C242DA86-6737-4B2B-BBC0-C7A25004EEC3}.Ad-Hoc|Any CPU.ActiveCfg = Release|Any CPU
		{C242DA86-6737-4B2B-BBC0-C7A25004EEC3}.Ad-Hoc|Any CPU.Build.0 = Release|Any CPU
		{C242DA86-6737-4B2B-BBC0-C7A25004EEC3}.Ad-Hoc|Any CPU.Deploy.0 = Release|Any CPU
		{C242DA86-6737-4B2B-BBC0-C7A25004EEC3}.Ad-Hoc|ARM.ActiveCfg = Release|Any CPU
		{C242DA86-6737-4B2B-BBC0-C7A25004EEC3}.Ad-Hoc|ARM.Build.0 = Release|Any CPU
		{C242DA86-6737-4B2B-BBC0-C7A25004EEC3}.Ad-Hoc|ARM.Deploy.0 = Release|Any CPU
		{C242DA86-6737-4B2B-BBC0-C7A25004EEC3}.Ad-Hoc|ARM64.ActiveCfg = Release|Any CPU
		{C242DA86-6737-4B2B-BBC0-C7A25004EEC3}.Ad-Hoc|ARM64.Build.0 = Release|Any CPU
		{C242DA86-6737-4B2B-BBC0-C7A25004EEC3}.Ad-Hoc|ARM64.Deploy.0 = Release|Any CPU
		{C242DA86-6737-4B2B-BBC0-C7A25004EEC3}.Ad-Hoc|iPhone.ActiveCfg = Release|Any CPU
		{C242DA86-6737-4B2B-BBC0-C7A25004EEC3}.Ad-Hoc|iPhone.Build.0 = Release|Any CPU
		{C242DA86-6737-4B2B-BBC0-C7A25004EEC3}.Ad-Hoc|iPhone.Deploy.0 = Release|Any CPU
		{C242DA86-6737-4B2B-BBC0-C7A25004EEC3}.Ad-Hoc|iPhoneSimulator.ActiveCfg = Release|Any CPU
		{C242DA86-6737-4B2B-BBC0-C7A25004EEC3}.Ad-Hoc|iPhoneSimulator.Build.0 = Release|Any CPU
		{C242DA86-6737-4B2B-BBC0-C7A25004EEC3}.Ad-Hoc|iPhoneSimulator.Deploy.0 = Release|Any CPU
		{C242DA86-6737-4B2B-BBC0-C7A25004EEC3}.Ad-Hoc|x64.ActiveCfg = Release|Any CPU
		{C242DA86-6737-4B2B-BBC0-C7A25004EEC3}.Ad-Hoc|x64.Build.0 = Release|Any CPU
		{C242DA86-6737-4B2B-BBC0-C7A25004EEC3}.Ad-Hoc|x64.Deploy.0 = Release|Any CPU
		{C242DA86-6737-4B2B-BBC0-C7A25004EEC3}.Ad-Hoc|x86.ActiveCfg = Release|Any CPU
		{C242DA86-6737-4B2B-BBC0-C7A25004EEC3}.Ad-Hoc|x86.Build.0 = Release|Any CPU
		{C242DA86-6737-4B2B-BBC0-C7A25004EEC3}.Ad-Hoc|x86.Deploy.0 = Release|Any CPU
		{C242DA86-6737-4B2B-BBC0-C7A25004EEC3}.AppStore|Any CPU.ActiveCfg = Release|Any CPU
		{C242DA86-6737-4B2B-BBC0-C7A25004EEC3}.AppStore|Any CPU.Build.0 = Release|Any CPU
		{C242DA86-6737-4B2B-BBC0-C7A25004EEC3}.AppStore|Any CPU.Deploy.0 = Release|Any CPU
		{C242DA86-6737-4B2B-BBC0-C7A25004EEC3}.AppStore|ARM.ActiveCfg = Release|Any CPU
		{C242DA86-6737-4B2B-BBC0-C7A25004EEC3}.AppStore|ARM.Build.0 = Release|Any CPU
		{C242DA86-6737-4B2B-BBC0-C7A25004EEC3}.AppStore|ARM.Deploy.0 = Release|Any CPU
		{C242DA86-6737-4B2B-BBC0-C7A25004EEC3}.AppStore|ARM64.ActiveCfg = Release|Any CPU
		{C242DA86-6737-4B2B-BBC0-C7A25004EEC3}.AppStore|ARM64.Build.0 = Release|Any CPU
		{C242DA86-6737-4B2B-BBC0-C7A25004EEC3}.AppStore|ARM64.Deploy.0 = Release|Any CPU
		{C242DA86-6737-4B2B-BBC0-C7A25004EEC3}.AppStore|iPhone.ActiveCfg = Release|Any CPU
		{C242DA86-6737-4B2B-BBC0-C7A25004EEC3}.AppStore|iPhone.Build.0 = Release|Any CPU
		{C242DA86-6737-4B2B-BBC0-C7A25004EEC3}.AppStore|iPhone.Deploy.0 = Release|Any CPU
		{C242DA86-6737-4B2B-BBC0-C7A25004EEC3}.AppStore|iPhoneSimulator.ActiveCfg = Release|Any CPU
		{C242DA86-6737-4B2B-BBC0-C7A25004EEC3}.AppStore|iPhoneSimulator.Build.0 = Release|Any CPU
		{C242DA86-6737-4B2B-BBC0-C7A25004EEC3}.AppStore|iPhoneSimulator.Deploy.0 = Release|Any CPU
		{C242DA86-6737-4B2B-BBC0-C7A25004EEC3}.AppStore|x64.ActiveCfg = Release|Any CPU
		{C242DA86-6737-4B2B-BBC0-C7A25004EEC3}.AppStore|x64.Build.0 = Release|Any CPU
		{C242DA86-6737-4B2B-BBC0-C7A25004EEC3}.AppStore|x64.Deploy.0 = Release|Any CPU
		{C242DA86-6737-4B2B-BBC0-C7A25004EEC3}.AppStore|x86.ActiveCfg = Release|Any CPU
		{C242DA86-6737-4B2B-BBC0-C7A25004EEC3}.AppStore|x86.Build.0 = Release|Any CPU
		{C242DA86-6737-4B2B-BBC0-C7A25004EEC3}.AppStore|x86.Deploy.0 = Release|Any CPU
		{C242DA86-6737-4B2B-BBC0-C7A25004EEC3}.Debug|Any CPU.ActiveCfg = Debug|Any CPU
		{C242DA86-6737-4B2B-BBC0-C7A25004EEC3}.Debug|Any CPU.Build.0 = Debug|Any CPU
		{C242DA86-6737-4B2B-BBC0-C7A25004EEC3}.Debug|Any CPU.Deploy.0 = Debug|Any CPU
		{C242DA86-6737-4B2B-BBC0-C7A25004EEC3}.Debug|ARM.ActiveCfg = Debug|Any CPU
		{C242DA86-6737-4B2B-BBC0-C7A25004EEC3}.Debug|ARM.Build.0 = Debug|Any CPU
		{C242DA86-6737-4B2B-BBC0-C7A25004EEC3}.Debug|ARM.Deploy.0 = Debug|Any CPU
		{C242DA86-6737-4B2B-BBC0-C7A25004EEC3}.Debug|ARM64.ActiveCfg = Debug|Any CPU
		{C242DA86-6737-4B2B-BBC0-C7A25004EEC3}.Debug|ARM64.Build.0 = Debug|Any CPU
		{C242DA86-6737-4B2B-BBC0-C7A25004EEC3}.Debug|ARM64.Deploy.0 = Debug|Any CPU
		{C242DA86-6737-4B2B-BBC0-C7A25004EEC3}.Debug|iPhone.ActiveCfg = Debug|Any CPU
		{C242DA86-6737-4B2B-BBC0-C7A25004EEC3}.Debug|iPhone.Build.0 = Debug|Any CPU
		{C242DA86-6737-4B2B-BBC0-C7A25004EEC3}.Debug|iPhone.Deploy.0 = Debug|Any CPU
		{C242DA86-6737-4B2B-BBC0-C7A25004EEC3}.Debug|iPhoneSimulator.ActiveCfg = Debug|Any CPU
		{C242DA86-6737-4B2B-BBC0-C7A25004EEC3}.Debug|iPhoneSimulator.Build.0 = Debug|Any CPU
		{C242DA86-6737-4B2B-BBC0-C7A25004EEC3}.Debug|iPhoneSimulator.Deploy.0 = Debug|Any CPU
		{C242DA86-6737-4B2B-BBC0-C7A25004EEC3}.Debug|x64.ActiveCfg = Debug|Any CPU
		{C242DA86-6737-4B2B-BBC0-C7A25004EEC3}.Debug|x64.Build.0 = Debug|Any CPU
		{C242DA86-6737-4B2B-BBC0-C7A25004EEC3}.Debug|x64.Deploy.0 = Debug|Any CPU
		{C242DA86-6737-4B2B-BBC0-C7A25004EEC3}.Debug|x86.ActiveCfg = Debug|Any CPU
		{C242DA86-6737-4B2B-BBC0-C7A25004EEC3}.Debug|x86.Build.0 = Debug|Any CPU
		{C242DA86-6737-4B2B-BBC0-C7A25004EEC3}.Debug|x86.Deploy.0 = Debug|Any CPU
		{C242DA86-6737-4B2B-BBC0-C7A25004EEC3}.Release|Any CPU.ActiveCfg = Release|Any CPU
		{C242DA86-6737-4B2B-BBC0-C7A25004EEC3}.Release|Any CPU.Build.0 = Release|Any CPU
		{C242DA86-6737-4B2B-BBC0-C7A25004EEC3}.Release|Any CPU.Deploy.0 = Release|Any CPU
		{C242DA86-6737-4B2B-BBC0-C7A25004EEC3}.Release|ARM.ActiveCfg = Release|Any CPU
		{C242DA86-6737-4B2B-BBC0-C7A25004EEC3}.Release|ARM.Build.0 = Release|Any CPU
		{C242DA86-6737-4B2B-BBC0-C7A25004EEC3}.Release|ARM.Deploy.0 = Release|Any CPU
		{C242DA86-6737-4B2B-BBC0-C7A25004EEC3}.Release|ARM64.ActiveCfg = Release|Any CPU
		{C242DA86-6737-4B2B-BBC0-C7A25004EEC3}.Release|ARM64.Build.0 = Release|Any CPU
		{C242DA86-6737-4B2B-BBC0-C7A25004EEC3}.Release|ARM64.Deploy.0 = Release|Any CPU
		{C242DA86-6737-4B2B-BBC0-C7A25004EEC3}.Release|iPhone.ActiveCfg = Release|Any CPU
		{C242DA86-6737-4B2B-BBC0-C7A25004EEC3}.Release|iPhone.Build.0 = Release|Any CPU
		{C242DA86-6737-4B2B-BBC0-C7A25004EEC3}.Release|iPhone.Deploy.0 = Release|Any CPU
		{C242DA86-6737-4B2B-BBC0-C7A25004EEC3}.Release|iPhoneSimulator.ActiveCfg = Release|Any CPU
		{C242DA86-6737-4B2B-BBC0-C7A25004EEC3}.Release|iPhoneSimulator.Build.0 = Release|Any CPU
		{C242DA86-6737-4B2B-BBC0-C7A25004EEC3}.Release|iPhoneSimulator.Deploy.0 = Release|Any CPU
		{C242DA86-6737-4B2B-BBC0-C7A25004EEC3}.Release|x64.ActiveCfg = Release|Any CPU
		{C242DA86-6737-4B2B-BBC0-C7A25004EEC3}.Release|x64.Build.0 = Release|Any CPU
		{C242DA86-6737-4B2B-BBC0-C7A25004EEC3}.Release|x64.Deploy.0 = Release|Any CPU
		{C242DA86-6737-4B2B-BBC0-C7A25004EEC3}.Release|x86.ActiveCfg = Release|Any CPU
		{C242DA86-6737-4B2B-BBC0-C7A25004EEC3}.Release|x86.Build.0 = Release|Any CPU
		{C242DA86-6737-4B2B-BBC0-C7A25004EEC3}.Release|x86.Deploy.0 = Release|Any CPU
		{247BC335-9B3B-451C-A0D6-757E0064006E}.Ad-Hoc|Any CPU.ActiveCfg = Ad-Hoc|iPhone
		{247BC335-9B3B-451C-A0D6-757E0064006E}.Ad-Hoc|ARM.ActiveCfg = Ad-Hoc|iPhone
		{247BC335-9B3B-451C-A0D6-757E0064006E}.Ad-Hoc|ARM64.ActiveCfg = Ad-Hoc|iPhone
		{247BC335-9B3B-451C-A0D6-757E0064006E}.Ad-Hoc|iPhone.ActiveCfg = Ad-Hoc|iPhone
		{247BC335-9B3B-451C-A0D6-757E0064006E}.Ad-Hoc|iPhone.Build.0 = Ad-Hoc|iPhone
		{247BC335-9B3B-451C-A0D6-757E0064006E}.Ad-Hoc|iPhoneSimulator.ActiveCfg = Ad-Hoc|iPhoneSimulator
		{247BC335-9B3B-451C-A0D6-757E0064006E}.Ad-Hoc|iPhoneSimulator.Build.0 = Ad-Hoc|iPhoneSimulator
		{247BC335-9B3B-451C-A0D6-757E0064006E}.Ad-Hoc|x64.ActiveCfg = Ad-Hoc|iPhone
		{247BC335-9B3B-451C-A0D6-757E0064006E}.Ad-Hoc|x86.ActiveCfg = Ad-Hoc|iPhone
		{247BC335-9B3B-451C-A0D6-757E0064006E}.AppStore|Any CPU.ActiveCfg = AppStore|iPhone
		{247BC335-9B3B-451C-A0D6-757E0064006E}.AppStore|ARM.ActiveCfg = AppStore|iPhone
		{247BC335-9B3B-451C-A0D6-757E0064006E}.AppStore|ARM64.ActiveCfg = AppStore|iPhone
		{247BC335-9B3B-451C-A0D6-757E0064006E}.AppStore|iPhone.ActiveCfg = AppStore|iPhone
		{247BC335-9B3B-451C-A0D6-757E0064006E}.AppStore|iPhone.Build.0 = AppStore|iPhone
		{247BC335-9B3B-451C-A0D6-757E0064006E}.AppStore|iPhoneSimulator.ActiveCfg = AppStore|iPhoneSimulator
		{247BC335-9B3B-451C-A0D6-757E0064006E}.AppStore|iPhoneSimulator.Build.0 = AppStore|iPhoneSimulator
		{247BC335-9B3B-451C-A0D6-757E0064006E}.AppStore|x64.ActiveCfg = AppStore|iPhone
		{247BC335-9B3B-451C-A0D6-757E0064006E}.AppStore|x86.ActiveCfg = AppStore|iPhone
		{247BC335-9B3B-451C-A0D6-757E0064006E}.Debug|Any CPU.ActiveCfg = Debug|iPhone
		{247BC335-9B3B-451C-A0D6-757E0064006E}.Debug|ARM.ActiveCfg = Debug|iPhone
		{247BC335-9B3B-451C-A0D6-757E0064006E}.Debug|ARM64.ActiveCfg = Debug|iPhone
		{247BC335-9B3B-451C-A0D6-757E0064006E}.Debug|iPhone.ActiveCfg = Debug|iPhone
		{247BC335-9B3B-451C-A0D6-757E0064006E}.Debug|iPhone.Build.0 = Debug|iPhone
		{247BC335-9B3B-451C-A0D6-757E0064006E}.Debug|iPhoneSimulator.ActiveCfg = Debug|iPhoneSimulator
		{247BC335-9B3B-451C-A0D6-757E0064006E}.Debug|iPhoneSimulator.Build.0 = Debug|iPhoneSimulator
		{247BC335-9B3B-451C-A0D6-757E0064006E}.Debug|x64.ActiveCfg = Debug|iPhone
		{247BC335-9B3B-451C-A0D6-757E0064006E}.Debug|x86.ActiveCfg = Debug|iPhone
		{247BC335-9B3B-451C-A0D6-757E0064006E}.Release|Any CPU.ActiveCfg = Release|iPhone
		{247BC335-9B3B-451C-A0D6-757E0064006E}.Release|ARM.ActiveCfg = Release|iPhone
		{247BC335-9B3B-451C-A0D6-757E0064006E}.Release|ARM64.ActiveCfg = Release|iPhone
		{247BC335-9B3B-451C-A0D6-757E0064006E}.Release|iPhone.ActiveCfg = Release|iPhone
		{247BC335-9B3B-451C-A0D6-757E0064006E}.Release|iPhone.Build.0 = Release|iPhone
		{247BC335-9B3B-451C-A0D6-757E0064006E}.Release|iPhoneSimulator.ActiveCfg = Release|iPhoneSimulator
		{247BC335-9B3B-451C-A0D6-757E0064006E}.Release|iPhoneSimulator.Build.0 = Release|iPhoneSimulator
		{247BC335-9B3B-451C-A0D6-757E0064006E}.Release|x64.ActiveCfg = Release|iPhone
		{247BC335-9B3B-451C-A0D6-757E0064006E}.Release|x86.ActiveCfg = Release|iPhone
		{ABA413CB-A2EB-4EE9-9A6F-DE11D4513036}.Ad-Hoc|Any CPU.ActiveCfg = Release|x64
		{ABA413CB-A2EB-4EE9-9A6F-DE11D4513036}.Ad-Hoc|Any CPU.Build.0 = Release|x64
		{ABA413CB-A2EB-4EE9-9A6F-DE11D4513036}.Ad-Hoc|Any CPU.Deploy.0 = Release|x64
		{ABA413CB-A2EB-4EE9-9A6F-DE11D4513036}.Ad-Hoc|ARM.ActiveCfg = Release|ARM
		{ABA413CB-A2EB-4EE9-9A6F-DE11D4513036}.Ad-Hoc|ARM.Build.0 = Release|ARM
		{ABA413CB-A2EB-4EE9-9A6F-DE11D4513036}.Ad-Hoc|ARM.Deploy.0 = Release|ARM
		{ABA413CB-A2EB-4EE9-9A6F-DE11D4513036}.Ad-Hoc|ARM64.ActiveCfg = Release|ARM64
		{ABA413CB-A2EB-4EE9-9A6F-DE11D4513036}.Ad-Hoc|ARM64.Build.0 = Release|ARM64
		{ABA413CB-A2EB-4EE9-9A6F-DE11D4513036}.Ad-Hoc|ARM64.Deploy.0 = Release|ARM64
		{ABA413CB-A2EB-4EE9-9A6F-DE11D4513036}.Ad-Hoc|iPhone.ActiveCfg = Release|x64
		{ABA413CB-A2EB-4EE9-9A6F-DE11D4513036}.Ad-Hoc|iPhone.Build.0 = Release|x64
		{ABA413CB-A2EB-4EE9-9A6F-DE11D4513036}.Ad-Hoc|iPhone.Deploy.0 = Release|x64
		{ABA413CB-A2EB-4EE9-9A6F-DE11D4513036}.Ad-Hoc|iPhoneSimulator.ActiveCfg = Release|x64
		{ABA413CB-A2EB-4EE9-9A6F-DE11D4513036}.Ad-Hoc|iPhoneSimulator.Build.0 = Release|x64
		{ABA413CB-A2EB-4EE9-9A6F-DE11D4513036}.Ad-Hoc|iPhoneSimulator.Deploy.0 = Release|x64
		{ABA413CB-A2EB-4EE9-9A6F-DE11D4513036}.Ad-Hoc|x64.ActiveCfg = Release|x64
		{ABA413CB-A2EB-4EE9-9A6F-DE11D4513036}.Ad-Hoc|x64.Build.0 = Release|x64
		{ABA413CB-A2EB-4EE9-9A6F-DE11D4513036}.Ad-Hoc|x64.Deploy.0 = Release|x64
		{ABA413CB-A2EB-4EE9-9A6F-DE11D4513036}.Ad-Hoc|x86.ActiveCfg = Release|x86
		{ABA413CB-A2EB-4EE9-9A6F-DE11D4513036}.Ad-Hoc|x86.Build.0 = Release|x86
		{ABA413CB-A2EB-4EE9-9A6F-DE11D4513036}.Ad-Hoc|x86.Deploy.0 = Release|x86
		{ABA413CB-A2EB-4EE9-9A6F-DE11D4513036}.AppStore|Any CPU.ActiveCfg = Release|x64
		{ABA413CB-A2EB-4EE9-9A6F-DE11D4513036}.AppStore|Any CPU.Build.0 = Release|x64
		{ABA413CB-A2EB-4EE9-9A6F-DE11D4513036}.AppStore|Any CPU.Deploy.0 = Release|x64
		{ABA413CB-A2EB-4EE9-9A6F-DE11D4513036}.AppStore|ARM.ActiveCfg = Release|ARM
		{ABA413CB-A2EB-4EE9-9A6F-DE11D4513036}.AppStore|ARM.Build.0 = Release|ARM
		{ABA413CB-A2EB-4EE9-9A6F-DE11D4513036}.AppStore|ARM.Deploy.0 = Release|ARM
		{ABA413CB-A2EB-4EE9-9A6F-DE11D4513036}.AppStore|ARM64.ActiveCfg = Release|ARM64
		{ABA413CB-A2EB-4EE9-9A6F-DE11D4513036}.AppStore|ARM64.Build.0 = Release|ARM64
		{ABA413CB-A2EB-4EE9-9A6F-DE11D4513036}.AppStore|ARM64.Deploy.0 = Release|ARM64
		{ABA413CB-A2EB-4EE9-9A6F-DE11D4513036}.AppStore|iPhone.ActiveCfg = Release|x64
		{ABA413CB-A2EB-4EE9-9A6F-DE11D4513036}.AppStore|iPhone.Build.0 = Release|x64
		{ABA413CB-A2EB-4EE9-9A6F-DE11D4513036}.AppStore|iPhone.Deploy.0 = Release|x64
		{ABA413CB-A2EB-4EE9-9A6F-DE11D4513036}.AppStore|iPhoneSimulator.ActiveCfg = Release|x64
		{ABA413CB-A2EB-4EE9-9A6F-DE11D4513036}.AppStore|iPhoneSimulator.Build.0 = Release|x64
		{ABA413CB-A2EB-4EE9-9A6F-DE11D4513036}.AppStore|iPhoneSimulator.Deploy.0 = Release|x64
		{ABA413CB-A2EB-4EE9-9A6F-DE11D4513036}.AppStore|x64.ActiveCfg = Release|x64
		{ABA413CB-A2EB-4EE9-9A6F-DE11D4513036}.AppStore|x64.Build.0 = Release|x64
		{ABA413CB-A2EB-4EE9-9A6F-DE11D4513036}.AppStore|x64.Deploy.0 = Release|x64
		{ABA413CB-A2EB-4EE9-9A6F-DE11D4513036}.AppStore|x86.ActiveCfg = Release|x86
		{ABA413CB-A2EB-4EE9-9A6F-DE11D4513036}.AppStore|x86.Build.0 = Release|x86
		{ABA413CB-A2EB-4EE9-9A6F-DE11D4513036}.AppStore|x86.Deploy.0 = Release|x86
		{ABA413CB-A2EB-4EE9-9A6F-DE11D4513036}.Debug|Any CPU.ActiveCfg = Debug|x86
		{ABA413CB-A2EB-4EE9-9A6F-DE11D4513036}.Debug|ARM.ActiveCfg = Debug|ARM
		{ABA413CB-A2EB-4EE9-9A6F-DE11D4513036}.Debug|ARM.Build.0 = Debug|ARM
		{ABA413CB-A2EB-4EE9-9A6F-DE11D4513036}.Debug|ARM.Deploy.0 = Debug|ARM
		{ABA413CB-A2EB-4EE9-9A6F-DE11D4513036}.Debug|ARM64.ActiveCfg = Debug|ARM64
		{ABA413CB-A2EB-4EE9-9A6F-DE11D4513036}.Debug|ARM64.Build.0 = Debug|ARM64
		{ABA413CB-A2EB-4EE9-9A6F-DE11D4513036}.Debug|ARM64.Deploy.0 = Debug|ARM64
		{ABA413CB-A2EB-4EE9-9A6F-DE11D4513036}.Debug|iPhone.ActiveCfg = Debug|x86
		{ABA413CB-A2EB-4EE9-9A6F-DE11D4513036}.Debug|iPhoneSimulator.ActiveCfg = Debug|x86
		{ABA413CB-A2EB-4EE9-9A6F-DE11D4513036}.Debug|x64.ActiveCfg = Debug|x64
		{ABA413CB-A2EB-4EE9-9A6F-DE11D4513036}.Debug|x64.Build.0 = Debug|x64
		{ABA413CB-A2EB-4EE9-9A6F-DE11D4513036}.Debug|x64.Deploy.0 = Debug|x64
		{ABA413CB-A2EB-4EE9-9A6F-DE11D4513036}.Debug|x86.ActiveCfg = Debug|x86
		{ABA413CB-A2EB-4EE9-9A6F-DE11D4513036}.Debug|x86.Build.0 = Debug|x86
		{ABA413CB-A2EB-4EE9-9A6F-DE11D4513036}.Debug|x86.Deploy.0 = Debug|x86
		{ABA413CB-A2EB-4EE9-9A6F-DE11D4513036}.Release|Any CPU.ActiveCfg = Release|x86
		{ABA413CB-A2EB-4EE9-9A6F-DE11D4513036}.Release|ARM.ActiveCfg = Release|ARM
		{ABA413CB-A2EB-4EE9-9A6F-DE11D4513036}.Release|ARM.Build.0 = Release|ARM
		{ABA413CB-A2EB-4EE9-9A6F-DE11D4513036}.Release|ARM.Deploy.0 = Release|ARM
		{ABA413CB-A2EB-4EE9-9A6F-DE11D4513036}.Release|ARM64.ActiveCfg = Release|ARM64
		{ABA413CB-A2EB-4EE9-9A6F-DE11D4513036}.Release|ARM64.Build.0 = Release|ARM64
		{ABA413CB-A2EB-4EE9-9A6F-DE11D4513036}.Release|ARM64.Deploy.0 = Release|ARM64
		{ABA413CB-A2EB-4EE9-9A6F-DE11D4513036}.Release|iPhone.ActiveCfg = Release|x86
		{ABA413CB-A2EB-4EE9-9A6F-DE11D4513036}.Release|iPhoneSimulator.ActiveCfg = Release|x86
		{ABA413CB-A2EB-4EE9-9A6F-DE11D4513036}.Release|x64.ActiveCfg = Release|x64
		{ABA413CB-A2EB-4EE9-9A6F-DE11D4513036}.Release|x64.Build.0 = Release|x64
		{ABA413CB-A2EB-4EE9-9A6F-DE11D4513036}.Release|x64.Deploy.0 = Release|x64
		{ABA413CB-A2EB-4EE9-9A6F-DE11D4513036}.Release|x86.ActiveCfg = Release|x86
		{ABA413CB-A2EB-4EE9-9A6F-DE11D4513036}.Release|x86.Build.0 = Release|x86
		{ABA413CB-A2EB-4EE9-9A6F-DE11D4513036}.Release|x86.Deploy.0 = Release|x86
		{0BF27044-AFE8-4602-A8C9-84E724497616}.Ad-Hoc|Any CPU.ActiveCfg = Debug|Any CPU
		{0BF27044-AFE8-4602-A8C9-84E724497616}.Ad-Hoc|Any CPU.Build.0 = Debug|Any CPU
		{0BF27044-AFE8-4602-A8C9-84E724497616}.Ad-Hoc|ARM.ActiveCfg = Debug|Any CPU
		{0BF27044-AFE8-4602-A8C9-84E724497616}.Ad-Hoc|ARM.Build.0 = Debug|Any CPU
		{0BF27044-AFE8-4602-A8C9-84E724497616}.Ad-Hoc|ARM64.ActiveCfg = Debug|Any CPU
		{0BF27044-AFE8-4602-A8C9-84E724497616}.Ad-Hoc|ARM64.Build.0 = Debug|Any CPU
		{0BF27044-AFE8-4602-A8C9-84E724497616}.Ad-Hoc|iPhone.ActiveCfg = Debug|Any CPU
		{0BF27044-AFE8-4602-A8C9-84E724497616}.Ad-Hoc|iPhone.Build.0 = Debug|Any CPU
		{0BF27044-AFE8-4602-A8C9-84E724497616}.Ad-Hoc|iPhoneSimulator.ActiveCfg = Debug|Any CPU
		{0BF27044-AFE8-4602-A8C9-84E724497616}.Ad-Hoc|iPhoneSimulator.Build.0 = Debug|Any CPU
		{0BF27044-AFE8-4602-A8C9-84E724497616}.Ad-Hoc|x64.ActiveCfg = Debug|Any CPU
		{0BF27044-AFE8-4602-A8C9-84E724497616}.Ad-Hoc|x64.Build.0 = Debug|Any CPU
		{0BF27044-AFE8-4602-A8C9-84E724497616}.Ad-Hoc|x86.ActiveCfg = Debug|Any CPU
		{0BF27044-AFE8-4602-A8C9-84E724497616}.Ad-Hoc|x86.Build.0 = Debug|Any CPU
		{0BF27044-AFE8-4602-A8C9-84E724497616}.AppStore|Any CPU.ActiveCfg = Debug|Any CPU
		{0BF27044-AFE8-4602-A8C9-84E724497616}.AppStore|Any CPU.Build.0 = Debug|Any CPU
		{0BF27044-AFE8-4602-A8C9-84E724497616}.AppStore|ARM.ActiveCfg = Debug|Any CPU
		{0BF27044-AFE8-4602-A8C9-84E724497616}.AppStore|ARM.Build.0 = Debug|Any CPU
		{0BF27044-AFE8-4602-A8C9-84E724497616}.AppStore|ARM64.ActiveCfg = Debug|Any CPU
		{0BF27044-AFE8-4602-A8C9-84E724497616}.AppStore|ARM64.Build.0 = Debug|Any CPU
		{0BF27044-AFE8-4602-A8C9-84E724497616}.AppStore|iPhone.ActiveCfg = Debug|Any CPU
		{0BF27044-AFE8-4602-A8C9-84E724497616}.AppStore|iPhone.Build.0 = Debug|Any CPU
		{0BF27044-AFE8-4602-A8C9-84E724497616}.AppStore|iPhoneSimulator.ActiveCfg = Debug|Any CPU
		{0BF27044-AFE8-4602-A8C9-84E724497616}.AppStore|iPhoneSimulator.Build.0 = Debug|Any CPU
		{0BF27044-AFE8-4602-A8C9-84E724497616}.AppStore|x64.ActiveCfg = Debug|Any CPU
		{0BF27044-AFE8-4602-A8C9-84E724497616}.AppStore|x64.Build.0 = Debug|Any CPU
		{0BF27044-AFE8-4602-A8C9-84E724497616}.AppStore|x86.ActiveCfg = Debug|Any CPU
		{0BF27044-AFE8-4602-A8C9-84E724497616}.AppStore|x86.Build.0 = Debug|Any CPU
		{0BF27044-AFE8-4602-A8C9-84E724497616}.Debug|Any CPU.ActiveCfg = Debug|Any CPU
		{0BF27044-AFE8-4602-A8C9-84E724497616}.Debug|Any CPU.Build.0 = Debug|Any CPU
		{0BF27044-AFE8-4602-A8C9-84E724497616}.Debug|ARM.ActiveCfg = Debug|Any CPU
		{0BF27044-AFE8-4602-A8C9-84E724497616}.Debug|ARM.Build.0 = Debug|Any CPU
		{0BF27044-AFE8-4602-A8C9-84E724497616}.Debug|ARM64.ActiveCfg = Debug|Any CPU
		{0BF27044-AFE8-4602-A8C9-84E724497616}.Debug|ARM64.Build.0 = Debug|Any CPU
		{0BF27044-AFE8-4602-A8C9-84E724497616}.Debug|iPhone.ActiveCfg = Debug|Any CPU
		{0BF27044-AFE8-4602-A8C9-84E724497616}.Debug|iPhone.Build.0 = Debug|Any CPU
		{0BF27044-AFE8-4602-A8C9-84E724497616}.Debug|iPhoneSimulator.ActiveCfg = Debug|Any CPU
		{0BF27044-AFE8-4602-A8C9-84E724497616}.Debug|iPhoneSimulator.Build.0 = Debug|Any CPU
		{0BF27044-AFE8-4602-A8C9-84E724497616}.Debug|x64.ActiveCfg = Debug|Any CPU
		{0BF27044-AFE8-4602-A8C9-84E724497616}.Debug|x64.Build.0 = Debug|Any CPU
		{0BF27044-AFE8-4602-A8C9-84E724497616}.Debug|x86.ActiveCfg = Debug|Any CPU
		{0BF27044-AFE8-4602-A8C9-84E724497616}.Debug|x86.Build.0 = Debug|Any CPU
		{0BF27044-AFE8-4602-A8C9-84E724497616}.Release|Any CPU.ActiveCfg = Release|Any CPU
		{0BF27044-AFE8-4602-A8C9-84E724497616}.Release|Any CPU.Build.0 = Release|Any CPU
		{0BF27044-AFE8-4602-A8C9-84E724497616}.Release|ARM.ActiveCfg = Release|Any CPU
		{0BF27044-AFE8-4602-A8C9-84E724497616}.Release|ARM.Build.0 = Release|Any CPU
		{0BF27044-AFE8-4602-A8C9-84E724497616}.Release|ARM64.ActiveCfg = Release|Any CPU
		{0BF27044-AFE8-4602-A8C9-84E724497616}.Release|ARM64.Build.0 = Release|Any CPU
		{0BF27044-AFE8-4602-A8C9-84E724497616}.Release|iPhone.ActiveCfg = Release|Any CPU
		{0BF27044-AFE8-4602-A8C9-84E724497616}.Release|iPhone.Build.0 = Release|Any CPU
		{0BF27044-AFE8-4602-A8C9-84E724497616}.Release|iPhoneSimulator.ActiveCfg = Release|Any CPU
		{0BF27044-AFE8-4602-A8C9-84E724497616}.Release|iPhoneSimulator.Build.0 = Release|Any CPU
		{0BF27044-AFE8-4602-A8C9-84E724497616}.Release|x64.ActiveCfg = Release|Any CPU
		{0BF27044-AFE8-4602-A8C9-84E724497616}.Release|x64.Build.0 = Release|Any CPU
		{0BF27044-AFE8-4602-A8C9-84E724497616}.Release|x86.ActiveCfg = Release|Any CPU
		{0BF27044-AFE8-4602-A8C9-84E724497616}.Release|x86.Build.0 = Release|Any CPU
		{F76365A0-BB00-495E-AD4A-F9D5CF01BA92}.Ad-Hoc|Any CPU.ActiveCfg = Release|Any CPU
		{F76365A0-BB00-495E-AD4A-F9D5CF01BA92}.Ad-Hoc|Any CPU.Build.0 = Release|Any CPU
		{F76365A0-BB00-495E-AD4A-F9D5CF01BA92}.Ad-Hoc|Any CPU.Deploy.0 = Release|Any CPU
		{F76365A0-BB00-495E-AD4A-F9D5CF01BA92}.Ad-Hoc|ARM.ActiveCfg = Release|Any CPU
		{F76365A0-BB00-495E-AD4A-F9D5CF01BA92}.Ad-Hoc|ARM.Build.0 = Release|Any CPU
		{F76365A0-BB00-495E-AD4A-F9D5CF01BA92}.Ad-Hoc|ARM.Deploy.0 = Release|Any CPU
		{F76365A0-BB00-495E-AD4A-F9D5CF01BA92}.Ad-Hoc|ARM64.ActiveCfg = Release|Any CPU
		{F76365A0-BB00-495E-AD4A-F9D5CF01BA92}.Ad-Hoc|ARM64.Build.0 = Release|Any CPU
		{F76365A0-BB00-495E-AD4A-F9D5CF01BA92}.Ad-Hoc|ARM64.Deploy.0 = Release|Any CPU
		{F76365A0-BB00-495E-AD4A-F9D5CF01BA92}.Ad-Hoc|iPhone.ActiveCfg = Release|Any CPU
		{F76365A0-BB00-495E-AD4A-F9D5CF01BA92}.Ad-Hoc|iPhone.Build.0 = Release|Any CPU
		{F76365A0-BB00-495E-AD4A-F9D5CF01BA92}.Ad-Hoc|iPhone.Deploy.0 = Release|Any CPU
		{F76365A0-BB00-495E-AD4A-F9D5CF01BA92}.Ad-Hoc|iPhoneSimulator.ActiveCfg = Release|Any CPU
		{F76365A0-BB00-495E-AD4A-F9D5CF01BA92}.Ad-Hoc|iPhoneSimulator.Build.0 = Release|Any CPU
		{F76365A0-BB00-495E-AD4A-F9D5CF01BA92}.Ad-Hoc|iPhoneSimulator.Deploy.0 = Release|Any CPU
		{F76365A0-BB00-495E-AD4A-F9D5CF01BA92}.Ad-Hoc|x64.ActiveCfg = Release|Any CPU
		{F76365A0-BB00-495E-AD4A-F9D5CF01BA92}.Ad-Hoc|x64.Build.0 = Release|Any CPU
		{F76365A0-BB00-495E-AD4A-F9D5CF01BA92}.Ad-Hoc|x64.Deploy.0 = Release|Any CPU
		{F76365A0-BB00-495E-AD4A-F9D5CF01BA92}.Ad-Hoc|x86.ActiveCfg = Release|Any CPU
		{F76365A0-BB00-495E-AD4A-F9D5CF01BA92}.Ad-Hoc|x86.Build.0 = Release|Any CPU
		{F76365A0-BB00-495E-AD4A-F9D5CF01BA92}.Ad-Hoc|x86.Deploy.0 = Release|Any CPU
		{F76365A0-BB00-495E-AD4A-F9D5CF01BA92}.AppStore|Any CPU.ActiveCfg = Release|Any CPU
		{F76365A0-BB00-495E-AD4A-F9D5CF01BA92}.AppStore|Any CPU.Build.0 = Release|Any CPU
		{F76365A0-BB00-495E-AD4A-F9D5CF01BA92}.AppStore|Any CPU.Deploy.0 = Release|Any CPU
		{F76365A0-BB00-495E-AD4A-F9D5CF01BA92}.AppStore|ARM.ActiveCfg = Release|Any CPU
		{F76365A0-BB00-495E-AD4A-F9D5CF01BA92}.AppStore|ARM.Build.0 = Release|Any CPU
		{F76365A0-BB00-495E-AD4A-F9D5CF01BA92}.AppStore|ARM.Deploy.0 = Release|Any CPU
		{F76365A0-BB00-495E-AD4A-F9D5CF01BA92}.AppStore|ARM64.ActiveCfg = Release|Any CPU
		{F76365A0-BB00-495E-AD4A-F9D5CF01BA92}.AppStore|ARM64.Build.0 = Release|Any CPU
		{F76365A0-BB00-495E-AD4A-F9D5CF01BA92}.AppStore|ARM64.Deploy.0 = Release|Any CPU
		{F76365A0-BB00-495E-AD4A-F9D5CF01BA92}.AppStore|iPhone.ActiveCfg = Release|Any CPU
		{F76365A0-BB00-495E-AD4A-F9D5CF01BA92}.AppStore|iPhone.Build.0 = Release|Any CPU
		{F76365A0-BB00-495E-AD4A-F9D5CF01BA92}.AppStore|iPhone.Deploy.0 = Release|Any CPU
		{F76365A0-BB00-495E-AD4A-F9D5CF01BA92}.AppStore|iPhoneSimulator.ActiveCfg = Release|Any CPU
		{F76365A0-BB00-495E-AD4A-F9D5CF01BA92}.AppStore|iPhoneSimulator.Build.0 = Release|Any CPU
		{F76365A0-BB00-495E-AD4A-F9D5CF01BA92}.AppStore|iPhoneSimulator.Deploy.0 = Release|Any CPU
		{F76365A0-BB00-495E-AD4A-F9D5CF01BA92}.AppStore|x64.ActiveCfg = Release|Any CPU
		{F76365A0-BB00-495E-AD4A-F9D5CF01BA92}.AppStore|x64.Build.0 = Release|Any CPU
		{F76365A0-BB00-495E-AD4A-F9D5CF01BA92}.AppStore|x64.Deploy.0 = Release|Any CPU
		{F76365A0-BB00-495E-AD4A-F9D5CF01BA92}.AppStore|x86.ActiveCfg = Release|Any CPU
		{F76365A0-BB00-495E-AD4A-F9D5CF01BA92}.AppStore|x86.Build.0 = Release|Any CPU
		{F76365A0-BB00-495E-AD4A-F9D5CF01BA92}.AppStore|x86.Deploy.0 = Release|Any CPU
		{F76365A0-BB00-495E-AD4A-F9D5CF01BA92}.Debug|Any CPU.ActiveCfg = Debug|Any CPU
		{F76365A0-BB00-495E-AD4A-F9D5CF01BA92}.Debug|Any CPU.Build.0 = Debug|Any CPU
		{F76365A0-BB00-495E-AD4A-F9D5CF01BA92}.Debug|Any CPU.Deploy.0 = Debug|Any CPU
		{F76365A0-BB00-495E-AD4A-F9D5CF01BA92}.Debug|ARM.ActiveCfg = Debug|Any CPU
		{F76365A0-BB00-495E-AD4A-F9D5CF01BA92}.Debug|ARM.Build.0 = Debug|Any CPU
		{F76365A0-BB00-495E-AD4A-F9D5CF01BA92}.Debug|ARM.Deploy.0 = Debug|Any CPU
		{F76365A0-BB00-495E-AD4A-F9D5CF01BA92}.Debug|ARM64.ActiveCfg = Debug|Any CPU
		{F76365A0-BB00-495E-AD4A-F9D5CF01BA92}.Debug|ARM64.Build.0 = Debug|Any CPU
		{F76365A0-BB00-495E-AD4A-F9D5CF01BA92}.Debug|ARM64.Deploy.0 = Debug|Any CPU
		{F76365A0-BB00-495E-AD4A-F9D5CF01BA92}.Debug|iPhone.ActiveCfg = Debug|Any CPU
		{F76365A0-BB00-495E-AD4A-F9D5CF01BA92}.Debug|iPhone.Build.0 = Debug|Any CPU
		{F76365A0-BB00-495E-AD4A-F9D5CF01BA92}.Debug|iPhone.Deploy.0 = Debug|Any CPU
		{F76365A0-BB00-495E-AD4A-F9D5CF01BA92}.Debug|iPhoneSimulator.ActiveCfg = Debug|Any CPU
		{F76365A0-BB00-495E-AD4A-F9D5CF01BA92}.Debug|iPhoneSimulator.Build.0 = Debug|Any CPU
		{F76365A0-BB00-495E-AD4A-F9D5CF01BA92}.Debug|iPhoneSimulator.Deploy.0 = Debug|Any CPU
		{F76365A0-BB00-495E-AD4A-F9D5CF01BA92}.Debug|x64.ActiveCfg = Debug|Any CPU
		{F76365A0-BB00-495E-AD4A-F9D5CF01BA92}.Debug|x64.Build.0 = Debug|Any CPU
		{F76365A0-BB00-495E-AD4A-F9D5CF01BA92}.Debug|x64.Deploy.0 = Debug|Any CPU
		{F76365A0-BB00-495E-AD4A-F9D5CF01BA92}.Debug|x86.ActiveCfg = Debug|Any CPU
		{F76365A0-BB00-495E-AD4A-F9D5CF01BA92}.Debug|x86.Build.0 = Debug|Any CPU
		{F76365A0-BB00-495E-AD4A-F9D5CF01BA92}.Debug|x86.Deploy.0 = Debug|Any CPU
		{F76365A0-BB00-495E-AD4A-F9D5CF01BA92}.Release|Any CPU.ActiveCfg = Release|Any CPU
		{F76365A0-BB00-495E-AD4A-F9D5CF01BA92}.Release|Any CPU.Build.0 = Release|Any CPU
		{F76365A0-BB00-495E-AD4A-F9D5CF01BA92}.Release|Any CPU.Deploy.0 = Release|Any CPU
		{F76365A0-BB00-495E-AD4A-F9D5CF01BA92}.Release|ARM.ActiveCfg = Release|Any CPU
		{F76365A0-BB00-495E-AD4A-F9D5CF01BA92}.Release|ARM.Build.0 = Release|Any CPU
		{F76365A0-BB00-495E-AD4A-F9D5CF01BA92}.Release|ARM.Deploy.0 = Release|Any CPU
		{F76365A0-BB00-495E-AD4A-F9D5CF01BA92}.Release|ARM64.ActiveCfg = Release|Any CPU
		{F76365A0-BB00-495E-AD4A-F9D5CF01BA92}.Release|ARM64.Build.0 = Release|Any CPU
		{F76365A0-BB00-495E-AD4A-F9D5CF01BA92}.Release|ARM64.Deploy.0 = Release|Any CPU
		{F76365A0-BB00-495E-AD4A-F9D5CF01BA92}.Release|iPhone.ActiveCfg = Release|Any CPU
		{F76365A0-BB00-495E-AD4A-F9D5CF01BA92}.Release|iPhone.Build.0 = Release|Any CPU
		{F76365A0-BB00-495E-AD4A-F9D5CF01BA92}.Release|iPhone.Deploy.0 = Release|Any CPU
		{F76365A0-BB00-495E-AD4A-F9D5CF01BA92}.Release|iPhoneSimulator.ActiveCfg = Release|Any CPU
		{F76365A0-BB00-495E-AD4A-F9D5CF01BA92}.Release|iPhoneSimulator.Build.0 = Release|Any CPU
		{F76365A0-BB00-495E-AD4A-F9D5CF01BA92}.Release|iPhoneSimulator.Deploy.0 = Release|Any CPU
		{F76365A0-BB00-495E-AD4A-F9D5CF01BA92}.Release|x64.ActiveCfg = Release|Any CPU
		{F76365A0-BB00-495E-AD4A-F9D5CF01BA92}.Release|x64.Build.0 = Release|Any CPU
		{F76365A0-BB00-495E-AD4A-F9D5CF01BA92}.Release|x64.Deploy.0 = Release|Any CPU
		{F76365A0-BB00-495E-AD4A-F9D5CF01BA92}.Release|x86.ActiveCfg = Release|Any CPU
		{F76365A0-BB00-495E-AD4A-F9D5CF01BA92}.Release|x86.Build.0 = Release|Any CPU
		{F76365A0-BB00-495E-AD4A-F9D5CF01BA92}.Release|x86.Deploy.0 = Release|Any CPU
		{4799F172-6F57-4B9B-8287-4142A85D4DBA}.Ad-Hoc|Any CPU.ActiveCfg = Ad-Hoc|iPhone
		{4799F172-6F57-4B9B-8287-4142A85D4DBA}.Ad-Hoc|ARM.ActiveCfg = Ad-Hoc|iPhone
		{4799F172-6F57-4B9B-8287-4142A85D4DBA}.Ad-Hoc|ARM64.ActiveCfg = Ad-Hoc|iPhone
		{4799F172-6F57-4B9B-8287-4142A85D4DBA}.Ad-Hoc|iPhone.ActiveCfg = Ad-Hoc|iPhone
		{4799F172-6F57-4B9B-8287-4142A85D4DBA}.Ad-Hoc|iPhone.Build.0 = Ad-Hoc|iPhone
		{4799F172-6F57-4B9B-8287-4142A85D4DBA}.Ad-Hoc|iPhoneSimulator.ActiveCfg = Ad-Hoc|iPhoneSimulator
		{4799F172-6F57-4B9B-8287-4142A85D4DBA}.Ad-Hoc|iPhoneSimulator.Build.0 = Ad-Hoc|iPhoneSimulator
		{4799F172-6F57-4B9B-8287-4142A85D4DBA}.Ad-Hoc|x64.ActiveCfg = Ad-Hoc|iPhone
		{4799F172-6F57-4B9B-8287-4142A85D4DBA}.Ad-Hoc|x86.ActiveCfg = Ad-Hoc|iPhone
		{4799F172-6F57-4B9B-8287-4142A85D4DBA}.AppStore|Any CPU.ActiveCfg = AppStore|iPhone
		{4799F172-6F57-4B9B-8287-4142A85D4DBA}.AppStore|ARM.ActiveCfg = AppStore|iPhone
		{4799F172-6F57-4B9B-8287-4142A85D4DBA}.AppStore|ARM64.ActiveCfg = AppStore|iPhone
		{4799F172-6F57-4B9B-8287-4142A85D4DBA}.AppStore|iPhone.ActiveCfg = AppStore|iPhone
		{4799F172-6F57-4B9B-8287-4142A85D4DBA}.AppStore|iPhone.Build.0 = AppStore|iPhone
		{4799F172-6F57-4B9B-8287-4142A85D4DBA}.AppStore|iPhoneSimulator.ActiveCfg = AppStore|iPhoneSimulator
		{4799F172-6F57-4B9B-8287-4142A85D4DBA}.AppStore|iPhoneSimulator.Build.0 = AppStore|iPhoneSimulator
		{4799F172-6F57-4B9B-8287-4142A85D4DBA}.AppStore|x64.ActiveCfg = AppStore|iPhone
		{4799F172-6F57-4B9B-8287-4142A85D4DBA}.AppStore|x86.ActiveCfg = AppStore|iPhone
		{4799F172-6F57-4B9B-8287-4142A85D4DBA}.Debug|Any CPU.ActiveCfg = Debug|iPhone
		{4799F172-6F57-4B9B-8287-4142A85D4DBA}.Debug|ARM.ActiveCfg = Debug|iPhone
		{4799F172-6F57-4B9B-8287-4142A85D4DBA}.Debug|ARM64.ActiveCfg = Debug|iPhone
		{4799F172-6F57-4B9B-8287-4142A85D4DBA}.Debug|iPhone.ActiveCfg = Debug|iPhone
		{4799F172-6F57-4B9B-8287-4142A85D4DBA}.Debug|iPhone.Build.0 = Debug|iPhone
		{4799F172-6F57-4B9B-8287-4142A85D4DBA}.Debug|iPhoneSimulator.ActiveCfg = Debug|iPhoneSimulator
		{4799F172-6F57-4B9B-8287-4142A85D4DBA}.Debug|iPhoneSimulator.Build.0 = Debug|iPhoneSimulator
		{4799F172-6F57-4B9B-8287-4142A85D4DBA}.Debug|x64.ActiveCfg = Debug|iPhone
		{4799F172-6F57-4B9B-8287-4142A85D4DBA}.Debug|x86.ActiveCfg = Debug|iPhone
		{4799F172-6F57-4B9B-8287-4142A85D4DBA}.Release|Any CPU.ActiveCfg = Release|iPhone
		{4799F172-6F57-4B9B-8287-4142A85D4DBA}.Release|ARM.ActiveCfg = Release|iPhone
		{4799F172-6F57-4B9B-8287-4142A85D4DBA}.Release|ARM64.ActiveCfg = Release|iPhone
		{4799F172-6F57-4B9B-8287-4142A85D4DBA}.Release|iPhone.ActiveCfg = Release|iPhone
		{4799F172-6F57-4B9B-8287-4142A85D4DBA}.Release|iPhone.Build.0 = Release|iPhone
		{4799F172-6F57-4B9B-8287-4142A85D4DBA}.Release|iPhoneSimulator.ActiveCfg = Release|iPhoneSimulator
		{4799F172-6F57-4B9B-8287-4142A85D4DBA}.Release|iPhoneSimulator.Build.0 = Release|iPhoneSimulator
		{4799F172-6F57-4B9B-8287-4142A85D4DBA}.Release|x64.ActiveCfg = Release|iPhone
		{4799F172-6F57-4B9B-8287-4142A85D4DBA}.Release|x86.ActiveCfg = Release|iPhone
		{D8ED82E6-80DC-40D7-A1E3-CA8939D3171C}.Ad-Hoc|Any CPU.ActiveCfg = Release|x64
		{D8ED82E6-80DC-40D7-A1E3-CA8939D3171C}.Ad-Hoc|Any CPU.Build.0 = Release|x64
		{D8ED82E6-80DC-40D7-A1E3-CA8939D3171C}.Ad-Hoc|Any CPU.Deploy.0 = Release|x64
		{D8ED82E6-80DC-40D7-A1E3-CA8939D3171C}.Ad-Hoc|ARM.ActiveCfg = Release|ARM
		{D8ED82E6-80DC-40D7-A1E3-CA8939D3171C}.Ad-Hoc|ARM.Build.0 = Release|ARM
		{D8ED82E6-80DC-40D7-A1E3-CA8939D3171C}.Ad-Hoc|ARM.Deploy.0 = Release|ARM
		{D8ED82E6-80DC-40D7-A1E3-CA8939D3171C}.Ad-Hoc|ARM64.ActiveCfg = Release|ARM64
		{D8ED82E6-80DC-40D7-A1E3-CA8939D3171C}.Ad-Hoc|ARM64.Build.0 = Release|ARM64
		{D8ED82E6-80DC-40D7-A1E3-CA8939D3171C}.Ad-Hoc|ARM64.Deploy.0 = Release|ARM64
		{D8ED82E6-80DC-40D7-A1E3-CA8939D3171C}.Ad-Hoc|iPhone.ActiveCfg = Release|x64
		{D8ED82E6-80DC-40D7-A1E3-CA8939D3171C}.Ad-Hoc|iPhone.Build.0 = Release|x64
		{D8ED82E6-80DC-40D7-A1E3-CA8939D3171C}.Ad-Hoc|iPhone.Deploy.0 = Release|x64
		{D8ED82E6-80DC-40D7-A1E3-CA8939D3171C}.Ad-Hoc|iPhoneSimulator.ActiveCfg = Release|x64
		{D8ED82E6-80DC-40D7-A1E3-CA8939D3171C}.Ad-Hoc|iPhoneSimulator.Build.0 = Release|x64
		{D8ED82E6-80DC-40D7-A1E3-CA8939D3171C}.Ad-Hoc|iPhoneSimulator.Deploy.0 = Release|x64
		{D8ED82E6-80DC-40D7-A1E3-CA8939D3171C}.Ad-Hoc|x64.ActiveCfg = Release|x64
		{D8ED82E6-80DC-40D7-A1E3-CA8939D3171C}.Ad-Hoc|x64.Build.0 = Release|x64
		{D8ED82E6-80DC-40D7-A1E3-CA8939D3171C}.Ad-Hoc|x64.Deploy.0 = Release|x64
		{D8ED82E6-80DC-40D7-A1E3-CA8939D3171C}.Ad-Hoc|x86.ActiveCfg = Release|x86
		{D8ED82E6-80DC-40D7-A1E3-CA8939D3171C}.Ad-Hoc|x86.Build.0 = Release|x86
		{D8ED82E6-80DC-40D7-A1E3-CA8939D3171C}.Ad-Hoc|x86.Deploy.0 = Release|x86
		{D8ED82E6-80DC-40D7-A1E3-CA8939D3171C}.AppStore|Any CPU.ActiveCfg = Release|x64
		{D8ED82E6-80DC-40D7-A1E3-CA8939D3171C}.AppStore|Any CPU.Build.0 = Release|x64
		{D8ED82E6-80DC-40D7-A1E3-CA8939D3171C}.AppStore|Any CPU.Deploy.0 = Release|x64
		{D8ED82E6-80DC-40D7-A1E3-CA8939D3171C}.AppStore|ARM.ActiveCfg = Release|ARM
		{D8ED82E6-80DC-40D7-A1E3-CA8939D3171C}.AppStore|ARM.Build.0 = Release|ARM
		{D8ED82E6-80DC-40D7-A1E3-CA8939D3171C}.AppStore|ARM.Deploy.0 = Release|ARM
		{D8ED82E6-80DC-40D7-A1E3-CA8939D3171C}.AppStore|ARM64.ActiveCfg = Release|ARM64
		{D8ED82E6-80DC-40D7-A1E3-CA8939D3171C}.AppStore|ARM64.Build.0 = Release|ARM64
		{D8ED82E6-80DC-40D7-A1E3-CA8939D3171C}.AppStore|ARM64.Deploy.0 = Release|ARM64
		{D8ED82E6-80DC-40D7-A1E3-CA8939D3171C}.AppStore|iPhone.ActiveCfg = Release|x64
		{D8ED82E6-80DC-40D7-A1E3-CA8939D3171C}.AppStore|iPhone.Build.0 = Release|x64
		{D8ED82E6-80DC-40D7-A1E3-CA8939D3171C}.AppStore|iPhone.Deploy.0 = Release|x64
		{D8ED82E6-80DC-40D7-A1E3-CA8939D3171C}.AppStore|iPhoneSimulator.ActiveCfg = Release|x64
		{D8ED82E6-80DC-40D7-A1E3-CA8939D3171C}.AppStore|iPhoneSimulator.Build.0 = Release|x64
		{D8ED82E6-80DC-40D7-A1E3-CA8939D3171C}.AppStore|iPhoneSimulator.Deploy.0 = Release|x64
		{D8ED82E6-80DC-40D7-A1E3-CA8939D3171C}.AppStore|x64.ActiveCfg = Release|x64
		{D8ED82E6-80DC-40D7-A1E3-CA8939D3171C}.AppStore|x64.Build.0 = Release|x64
		{D8ED82E6-80DC-40D7-A1E3-CA8939D3171C}.AppStore|x64.Deploy.0 = Release|x64
		{D8ED82E6-80DC-40D7-A1E3-CA8939D3171C}.AppStore|x86.ActiveCfg = Release|x86
		{D8ED82E6-80DC-40D7-A1E3-CA8939D3171C}.AppStore|x86.Build.0 = Release|x86
		{D8ED82E6-80DC-40D7-A1E3-CA8939D3171C}.AppStore|x86.Deploy.0 = Release|x86
		{D8ED82E6-80DC-40D7-A1E3-CA8939D3171C}.Debug|Any CPU.ActiveCfg = Debug|x86
		{D8ED82E6-80DC-40D7-A1E3-CA8939D3171C}.Debug|ARM.ActiveCfg = Debug|ARM
		{D8ED82E6-80DC-40D7-A1E3-CA8939D3171C}.Debug|ARM.Build.0 = Debug|ARM
		{D8ED82E6-80DC-40D7-A1E3-CA8939D3171C}.Debug|ARM.Deploy.0 = Debug|ARM
		{D8ED82E6-80DC-40D7-A1E3-CA8939D3171C}.Debug|ARM64.ActiveCfg = Debug|ARM64
		{D8ED82E6-80DC-40D7-A1E3-CA8939D3171C}.Debug|ARM64.Build.0 = Debug|ARM64
		{D8ED82E6-80DC-40D7-A1E3-CA8939D3171C}.Debug|ARM64.Deploy.0 = Debug|ARM64
		{D8ED82E6-80DC-40D7-A1E3-CA8939D3171C}.Debug|iPhone.ActiveCfg = Debug|x86
		{D8ED82E6-80DC-40D7-A1E3-CA8939D3171C}.Debug|iPhoneSimulator.ActiveCfg = Debug|x86
		{D8ED82E6-80DC-40D7-A1E3-CA8939D3171C}.Debug|x64.ActiveCfg = Debug|x64
		{D8ED82E6-80DC-40D7-A1E3-CA8939D3171C}.Debug|x64.Build.0 = Debug|x64
		{D8ED82E6-80DC-40D7-A1E3-CA8939D3171C}.Debug|x64.Deploy.0 = Debug|x64
		{D8ED82E6-80DC-40D7-A1E3-CA8939D3171C}.Debug|x86.ActiveCfg = Debug|x86
		{D8ED82E6-80DC-40D7-A1E3-CA8939D3171C}.Debug|x86.Build.0 = Debug|x86
		{D8ED82E6-80DC-40D7-A1E3-CA8939D3171C}.Debug|x86.Deploy.0 = Debug|x86
		{D8ED82E6-80DC-40D7-A1E3-CA8939D3171C}.Release|Any CPU.ActiveCfg = Release|x86
		{D8ED82E6-80DC-40D7-A1E3-CA8939D3171C}.Release|ARM.ActiveCfg = Release|ARM
		{D8ED82E6-80DC-40D7-A1E3-CA8939D3171C}.Release|ARM.Build.0 = Release|ARM
		{D8ED82E6-80DC-40D7-A1E3-CA8939D3171C}.Release|ARM.Deploy.0 = Release|ARM
		{D8ED82E6-80DC-40D7-A1E3-CA8939D3171C}.Release|ARM64.ActiveCfg = Release|ARM64
		{D8ED82E6-80DC-40D7-A1E3-CA8939D3171C}.Release|ARM64.Build.0 = Release|ARM64
		{D8ED82E6-80DC-40D7-A1E3-CA8939D3171C}.Release|ARM64.Deploy.0 = Release|ARM64
		{D8ED82E6-80DC-40D7-A1E3-CA8939D3171C}.Release|iPhone.ActiveCfg = Release|x86
		{D8ED82E6-80DC-40D7-A1E3-CA8939D3171C}.Release|iPhoneSimulator.ActiveCfg = Release|x86
		{D8ED82E6-80DC-40D7-A1E3-CA8939D3171C}.Release|x64.ActiveCfg = Release|x64
		{D8ED82E6-80DC-40D7-A1E3-CA8939D3171C}.Release|x64.Build.0 = Release|x64
		{D8ED82E6-80DC-40D7-A1E3-CA8939D3171C}.Release|x64.Deploy.0 = Release|x64
		{D8ED82E6-80DC-40D7-A1E3-CA8939D3171C}.Release|x86.ActiveCfg = Release|x86
		{D8ED82E6-80DC-40D7-A1E3-CA8939D3171C}.Release|x86.Build.0 = Release|x86
		{D8ED82E6-80DC-40D7-A1E3-CA8939D3171C}.Release|x86.Deploy.0 = Release|x86
		{0BBC61FA-625D-442A-BB79-64FDD83C0B5A}.Ad-Hoc|Any CPU.ActiveCfg = Debug|Any CPU
		{0BBC61FA-625D-442A-BB79-64FDD83C0B5A}.Ad-Hoc|Any CPU.Build.0 = Debug|Any CPU
		{0BBC61FA-625D-442A-BB79-64FDD83C0B5A}.Ad-Hoc|ARM.ActiveCfg = Debug|Any CPU
		{0BBC61FA-625D-442A-BB79-64FDD83C0B5A}.Ad-Hoc|ARM.Build.0 = Debug|Any CPU
		{0BBC61FA-625D-442A-BB79-64FDD83C0B5A}.Ad-Hoc|ARM64.ActiveCfg = Debug|Any CPU
		{0BBC61FA-625D-442A-BB79-64FDD83C0B5A}.Ad-Hoc|ARM64.Build.0 = Debug|Any CPU
		{0BBC61FA-625D-442A-BB79-64FDD83C0B5A}.Ad-Hoc|iPhone.ActiveCfg = Debug|Any CPU
		{0BBC61FA-625D-442A-BB79-64FDD83C0B5A}.Ad-Hoc|iPhone.Build.0 = Debug|Any CPU
		{0BBC61FA-625D-442A-BB79-64FDD83C0B5A}.Ad-Hoc|iPhoneSimulator.ActiveCfg = Debug|Any CPU
		{0BBC61FA-625D-442A-BB79-64FDD83C0B5A}.Ad-Hoc|iPhoneSimulator.Build.0 = Debug|Any CPU
		{0BBC61FA-625D-442A-BB79-64FDD83C0B5A}.Ad-Hoc|x64.ActiveCfg = Debug|Any CPU
		{0BBC61FA-625D-442A-BB79-64FDD83C0B5A}.Ad-Hoc|x64.Build.0 = Debug|Any CPU
		{0BBC61FA-625D-442A-BB79-64FDD83C0B5A}.Ad-Hoc|x86.ActiveCfg = Debug|Any CPU
		{0BBC61FA-625D-442A-BB79-64FDD83C0B5A}.Ad-Hoc|x86.Build.0 = Debug|Any CPU
		{0BBC61FA-625D-442A-BB79-64FDD83C0B5A}.AppStore|Any CPU.ActiveCfg = Debug|Any CPU
		{0BBC61FA-625D-442A-BB79-64FDD83C0B5A}.AppStore|Any CPU.Build.0 = Debug|Any CPU
		{0BBC61FA-625D-442A-BB79-64FDD83C0B5A}.AppStore|ARM.ActiveCfg = Debug|Any CPU
		{0BBC61FA-625D-442A-BB79-64FDD83C0B5A}.AppStore|ARM.Build.0 = Debug|Any CPU
		{0BBC61FA-625D-442A-BB79-64FDD83C0B5A}.AppStore|ARM64.ActiveCfg = Debug|Any CPU
		{0BBC61FA-625D-442A-BB79-64FDD83C0B5A}.AppStore|ARM64.Build.0 = Debug|Any CPU
		{0BBC61FA-625D-442A-BB79-64FDD83C0B5A}.AppStore|iPhone.ActiveCfg = Debug|Any CPU
		{0BBC61FA-625D-442A-BB79-64FDD83C0B5A}.AppStore|iPhone.Build.0 = Debug|Any CPU
		{0BBC61FA-625D-442A-BB79-64FDD83C0B5A}.AppStore|iPhoneSimulator.ActiveCfg = Debug|Any CPU
		{0BBC61FA-625D-442A-BB79-64FDD83C0B5A}.AppStore|iPhoneSimulator.Build.0 = Debug|Any CPU
		{0BBC61FA-625D-442A-BB79-64FDD83C0B5A}.AppStore|x64.ActiveCfg = Debug|Any CPU
		{0BBC61FA-625D-442A-BB79-64FDD83C0B5A}.AppStore|x64.Build.0 = Debug|Any CPU
		{0BBC61FA-625D-442A-BB79-64FDD83C0B5A}.AppStore|x86.ActiveCfg = Debug|Any CPU
		{0BBC61FA-625D-442A-BB79-64FDD83C0B5A}.AppStore|x86.Build.0 = Debug|Any CPU
		{0BBC61FA-625D-442A-BB79-64FDD83C0B5A}.Debug|Any CPU.ActiveCfg = Debug|Any CPU
		{0BBC61FA-625D-442A-BB79-64FDD83C0B5A}.Debug|Any CPU.Build.0 = Debug|Any CPU
		{0BBC61FA-625D-442A-BB79-64FDD83C0B5A}.Debug|ARM.ActiveCfg = Debug|Any CPU
		{0BBC61FA-625D-442A-BB79-64FDD83C0B5A}.Debug|ARM.Build.0 = Debug|Any CPU
		{0BBC61FA-625D-442A-BB79-64FDD83C0B5A}.Debug|ARM64.ActiveCfg = Debug|Any CPU
		{0BBC61FA-625D-442A-BB79-64FDD83C0B5A}.Debug|ARM64.Build.0 = Debug|Any CPU
		{0BBC61FA-625D-442A-BB79-64FDD83C0B5A}.Debug|iPhone.ActiveCfg = Debug|Any CPU
		{0BBC61FA-625D-442A-BB79-64FDD83C0B5A}.Debug|iPhone.Build.0 = Debug|Any CPU
		{0BBC61FA-625D-442A-BB79-64FDD83C0B5A}.Debug|iPhoneSimulator.ActiveCfg = Debug|Any CPU
		{0BBC61FA-625D-442A-BB79-64FDD83C0B5A}.Debug|iPhoneSimulator.Build.0 = Debug|Any CPU
		{0BBC61FA-625D-442A-BB79-64FDD83C0B5A}.Debug|x64.ActiveCfg = Debug|Any CPU
		{0BBC61FA-625D-442A-BB79-64FDD83C0B5A}.Debug|x64.Build.0 = Debug|Any CPU
		{0BBC61FA-625D-442A-BB79-64FDD83C0B5A}.Debug|x86.ActiveCfg = Debug|Any CPU
		{0BBC61FA-625D-442A-BB79-64FDD83C0B5A}.Debug|x86.Build.0 = Debug|Any CPU
		{0BBC61FA-625D-442A-BB79-64FDD83C0B5A}.Release|Any CPU.ActiveCfg = Release|Any CPU
		{0BBC61FA-625D-442A-BB79-64FDD83C0B5A}.Release|Any CPU.Build.0 = Release|Any CPU
		{0BBC61FA-625D-442A-BB79-64FDD83C0B5A}.Release|ARM.ActiveCfg = Release|Any CPU
		{0BBC61FA-625D-442A-BB79-64FDD83C0B5A}.Release|ARM.Build.0 = Release|Any CPU
		{0BBC61FA-625D-442A-BB79-64FDD83C0B5A}.Release|ARM64.ActiveCfg = Release|Any CPU
		{0BBC61FA-625D-442A-BB79-64FDD83C0B5A}.Release|ARM64.Build.0 = Release|Any CPU
		{0BBC61FA-625D-442A-BB79-64FDD83C0B5A}.Release|iPhone.ActiveCfg = Release|Any CPU
		{0BBC61FA-625D-442A-BB79-64FDD83C0B5A}.Release|iPhone.Build.0 = Release|Any CPU
		{0BBC61FA-625D-442A-BB79-64FDD83C0B5A}.Release|iPhoneSimulator.ActiveCfg = Release|Any CPU
		{0BBC61FA-625D-442A-BB79-64FDD83C0B5A}.Release|iPhoneSimulator.Build.0 = Release|Any CPU
		{0BBC61FA-625D-442A-BB79-64FDD83C0B5A}.Release|x64.ActiveCfg = Release|Any CPU
		{0BBC61FA-625D-442A-BB79-64FDD83C0B5A}.Release|x64.Build.0 = Release|Any CPU
		{0BBC61FA-625D-442A-BB79-64FDD83C0B5A}.Release|x86.ActiveCfg = Release|Any CPU
		{0BBC61FA-625D-442A-BB79-64FDD83C0B5A}.Release|x86.Build.0 = Release|Any CPU
	EndGlobalSection
	GlobalSection(SolutionProperties) = preSolution
		HideSolutionNode = FALSE
	EndGlobalSection
	GlobalSection(ExtensibilityGlobals) = postSolution
		SolutionGuid = {8CC12597-78CE-4D9A-BB3A-3CC832875C03}
	EndGlobalSection
EndGlobal
